# This file is generated by running "yarn install" inside your project.
# Manual changes might be lost - proceed with caution!

__metadata:
  version: 4
  cacheKey: 7

"lodash@npm:4.17.19":
  version: 4.17.19
  resolution: "lodash@npm:4.17.19"
  checksum: ff2b7a95f0129dba9101e346d44e0eda0f159d76bbbf23721eec1969b87a32bde3de0cfef0733218c64620e9be08040a973278d46a686540233b356115f3527c
  languageName: node
  linkType: hard

"monorepo@workspace:.":
  version: 0.0.0-use.local
  resolution: "monorepo@workspace:."
  languageName: unknown
  linkType: soft

"pkg1@workspace:work1/pkg1":
  version: 0.0.0-use.local
  resolution: "pkg1@workspace:work1/pkg1"
  dependencies:
    lodash: 4.17.19
  languageName: unknown
  linkType: soft

"pkg2@workspace:work1/pkg2":
  version: 0.0.0-use.local
  resolution: "pkg2@workspace:work1/pkg2"
  dependencies:
    lodash: 4.17.19
  languageName: unknown
  linkType: soft

"pkg3@workspace:work2/pkg1":
  version: 0.0.0-use.local
  resolution: "pkg3@workspace:work2/pkg1"
  dependencies:
    lodash: 4.17.19
  languageName: unknown
  linkType: soft
